
Microsoft Visual Studio Solution File, Format Version 12.00
# Visual Studio Version 17
VisualStudioVersion = 17.11.35312.102
MinimumVisualStudioVersion = 10.0.40219.1
Project("{FAE04EC0-301F-11D3-BF4B-00C04F79EFBC}") = "NoteAppUI", "NoteAppUI\NoteAppUI.csproj", "{9DAEC363-89B5-4749-94FD-B25CEF1BC882}"
EndProject
Global
	GlobalSection(SolutionConfigurationPlatforms) = preSolution
		Debug|Any CPU = Debug|Any CPU
		Release|Any CPU = Release|Any CPU
	EndGlobalSection
	GlobalSection(ProjectConfigurationPlatforms) = postSolution
		{9DAEC363-89B5-4749-94FD-B25CEF1BC882}.Debug|Any CPU.ActiveCfg = Debug|Any CPU
		{9DAEC363-89B5-4749-94FD-B25CEF1BC882}.Debug|Any CPU.Build.0 = Debug|Any CPU
		{9DAEC363-89B5-4749-94FD-B25CEF1BC882}.Release|Any CPU.ActiveCfg = Release|Any CPU
		{9DAEC363-89B5-4749-94FD-B25CEF1BC882}.Release|Any CPU.Build.0 = Release|Any CPU
	EndGlobalSection
	GlobalSection(SolutionProperties) = preSolution
		HideSolutionNode = FALSE
	EndGlobalSection
	GlobalSection(ExtensibilityGlobals) = postSolution
		SolutionGuid = {B5C80C23-80EE-47FE-BF90-9A1B530F4F0B}
	EndGlobalSection
EndGlobal
